identity:
  name: md_to_codeblock
  author: bowenliang123
  label:
    en_US: Codeblocks to files
    zh_Hans: 提取 代码片段 为文件
description:
  human:
    en_US: Generate script files from code blocks from Markdown text
    zh_Hans: 提取Markdown中代码片段转换为脚本文件
  llm: Generate script files from code blocks from Markdown text
parameters:
  - name: md_text
    type: string
    required: true
    label:
      en_US: Markdown text
      zh_Hans: Markdown格式文本
    human_description:
      en_US: Markdown text
      zh_Hans: Markdown格式文本
    form: llm
  - name: output_filename
    type: string
    required: false
    label:
      en_US: Output Filename
      zh_Hans: 输出文件名
    human_description:
      en_US: Optional custom output file name, and the filename suffix is not required.
      zh_Hans: 可选的自定义输出文件名，后缀名无需指定
    form: llm
  - name: is_compress
    type: select
    required: false
    default: "false"
    options:
      - value: "true"
        label:
          en_US: "Yes"
          zh_Hans: 是
      - value: "false"
        label:
          en_US: "No"
          zh_Hans: 否
    label:
      en_US: Generate into ZIP file
      zh_Hans: 是否压缩为ZIP文件
    human_description:
      en_US: Whether to generate into ZIP file
      zh_Hans: 是否压缩为ZIP文件
    llm_description: Whether to generate into ZIP file, default to "false"
    form: form
extra:
  python:
    source: tools/md_to_codeblock/md_to_codeblock.py